
Microsoft Visual Studio Solution File, Format Version 12.00
# Visual Studio 2013
VisualStudioVersion = 12.0.31101.0
MinimumVisualStudioVersion = 10.0.40219.1
Project("{FAE04EC0-301F-11D3-BF4B-00C04F79EFBC}") = "HelloWorld", "HelloWorld\HelloWorld.csproj", "{B9B16A7B-ADE6-40D2-B9A9-9DE309B1C534}"
EndProject
Global
	GlobalSection(SolutionConfigurationPlatforms) = preSolution
		Debug|Any CPU = Debug|Any CPU
		Release|Any CPU = Release|Any CPU
	EndGlobalSection
	GlobalSection(ProjectConfigurationPlatforms) = postSolution
		{B9B16A7B-ADE6-40D2-B9A9-9DE309B1C534}.Debug|Any CPU.ActiveCfg = Debug|Any CPU
		{B9B16A7B-ADE6-40D2-B9A9-9DE309B1C534}.Debug|Any CPU.Build.0 = Debug|Any CPU
		{B9B16A7B-ADE6-40D2-B9A9-9DE309B1C534}.Release|Any CPU.ActiveCfg = Release|Any CPU
		{B9B16A7B-ADE6-40D2-B9A9-9DE309B1C534}.Release|Any CPU.Build.0 = Release|Any CPU
	EndGlobalSection
	GlobalSection(SolutionProperties) = preSolution
		HideSolutionNode = FALSE
	EndGlobalSection
EndGlobal
